// !$*UTF8*$!
{
	archiveVersion = 1;
	classes = {
	};
	objectVersion = 56;
	objects = {

/* Begin PBXBuildFile section */
		F3A114952B139D97008F69E8 /* AppDelegate.swift in Sources */ = {isa = PBXBuildFile; fileRef = F3A114942B139D97008F69E8 /* AppDelegate.swift */; };
		F3A114972B139D97008F69E8 /* SceneDelegate.swift in Sources */ = {isa = PBXBuildFile; fileRef = F3A114962B139D97008F69E8 /* SceneDelegate.swift */; };
		F3A114992B139D97008F69E8 /* ViewController.swift in Sources */ = {isa = PBXBuildFile; fileRef = F3A114982B139D97008F69E8 /* ViewController.swift */; };
		F3A1149C2B139D97008F69E8 /* Main.storyboard in Resources */ = {isa = PBXBuildFile; fileRef = F3A1149A2B139D97008F69E8 /* Main.storyboard */; };
		F3A1149E2B139D99008F69E8 /* Assets.xcassets in Resources */ = {isa = PBXBuildFile; fileRef = F3A1149D2B139D99008F69E8 /* Assets.xcassets */; };
		F3A114A12B139D99008F69E8 /* LaunchScreen.storyboard in Resources */ = {isa = PBXBuildFile; fileRef = F3A1149F2B139D99008F69E8 /* LaunchScreen.storyboard */; };
		F3A114AD2B13C2D6008F69E8 /* currencyLogic.swift in Sources */ = {isa = PBXBuildFile; fileRef = F3A114AC2B13C2D6008F69E8 /* currencyLogic.swift */; };
		F3A114B12B13D244008F69E8 /* OutputView.swift in Sources */ = {isa = PBXBuildFile; fileRef = F3A114B02B13D244008F69E8 /* OutputView.swift */; };
/* End PBXBuildFile section */

/* Begin PBXFileReference section */
		F3A114912B139D97008F69E8 /* currencyConversion.app */ = {isa = PBXFileReference; explicitFileType = wrapper.application; includeInIndex = 0; path = currencyConversion.app; sourceTree = BUILT_PRODUCTS_DIR; };
		F3A114942B139D97008F69E8 /* AppDelegate.swift */ = {isa = PBXFileReference; lastKnownFileType = sourcecode.swift; path = AppDelegate.swift; sourceTree = "<group>"; };
		F3A114962B139D97008F69E8 /* SceneDelegate.swift */ = {isa = PBXFileReference; lastKnownFileType = sourcecode.swift; path = SceneDelegate.swift; sourceTree = "<group>"; };
		F3A114982B139D97008F69E8 /* ViewController.swift */ = {isa = PBXFileReference; lastKnownFileType = sourcecode.swift; path = ViewController.swift; sourceTree = "<group>"; };
		F3A1149B2B139D97008F69E8 /* Base */ = {isa = PBXFileReference; lastKnownFileType = file.storyboard; name = Base; path = Base.lproj/Main.storyboard; sourceTree = "<group>"; };
		F3A1149D2B139D99008F69E8 /* Assets.xcassets */ = {isa = PBXFileReference; lastKnownFileType = folder.assetcatalog; path = Assets.xcassets; sourceTree = "<group>"; };
		F3A114A02B139D99008F69E8 /* Base */ = {isa = PBXFileReference; lastKnownFileType = file.storyboard; name = Base; path = Base.lproj/LaunchScreen.storyboard; sourceTree = "<group>"; };
		F3A114A22B139D99008F69E8 /* Info.plist */ = {isa = PBXFileReference; lastKnownFileType = text.plist.xml; path = Info.plist; sourceTree = "<group>"; };
		F3A114AC2B13C2D6008F69E8 /* currencyLogic.swift */ = {isa = PBXFileReference; lastKnownFileType = sourcecode.swift; path = currencyLogic.swift; sourceTree = "<group>"; };
		F3A114B02B13D244008F69E8 /* OutputView.swift */ = {isa = PBXFileReference; lastKnownFileType = sourcecode.swift; path = OutputView.swift; sourceTree = "<group>"; };
/* End PBXFileReference section */

/* Begin PBXFrameworksBuildPhase section */
		F3A1148E2B139D97008F69E8 /* Frameworks */ = {
			isa = PBXFrameworksBuildPhase;
			buildActionMask = 2147483647;
			files = (
			);
			runOnlyForDeploymentPostprocessing = 0;
		};
/* End PBXFrameworksBuildPhase section */

/* Begin PBXGroup section */
		F3A114882B139D97008F69E8 = {
			isa = PBXGroup;
			children = (
				F3A114932B139D97008F69E8 /* currencyConversion */,
				F3A114922B139D97008F69E8 /* Products */,
			);
			sourceTree = "<group>";
		};
		F3A114922B139D97008F69E8 /* Products */ = {
			isa = PBXGroup;
			children = (
				F3A114912B139D97008F69E8 /* currencyConversion.app */,
			);
			name = Products;
			sourceTree = "<group>";
		};
		F3A114932B139D97008F69E8 /* currencyConversion */ = {
			isa = PBXGroup;
			children = (
				F3A114942B139D97008F69E8 /* AppDelegate.swift */,
				F3A114962B139D97008F69E8 /* SceneDelegate.swift */,
				F3A114AF2B13D113008F69E8 /* Model */,
				F3A114AE2B13D10D008F69E8 /* View */,
				F3A1149A2B139D97008F69E8 /* Main.storyboard */,
				F3A1149D2B139D99008F69E8 /* Assets.xcassets */,
				F3A1149F2B139D99008F69E8 /* LaunchScreen.storyboard */,
				F3A114A22B139D99008F69E8 /* Info.plist */,
			);
			path = currencyConversion;
			sourceTree = "<group>";
		};
		F3A114AE2B13D10D008F69E8 /* View */ = {
			isa = PBXGroup;
			children = (
				F3A114982B139D97008F69E8 /* ViewController.swift */,
				F3A114B02B13D244008F69E8 /* OutputView.swift */,
			);
			path = View;
			sourceTree = "<group>";
		};
		F3A114AF2B13D113008F69E8 /* Model */ = {
			isa = PBXGroup;
			children = (
				F3A114AC2B13C2D6008F69E8 /* currencyLogic.swift */,
			);
			path = Model;
			sourceTree = "<group>";
		};
/* End PBXGroup section */

/* Begin PBXNativeTarget section */
		F3A114902B139D97008F69E8 /* currencyConversion */ = {
			isa = PBXNativeTarget;
			buildConfigurationList = F3A114A52B139D99008F69E8 /* Build configuration list for PBXNativeTarget "currencyConversion" */;
			buildPhases = (
				F3A1148D2B139D97008F69E8 /* Sources */,
				F3A1148E2B139D97008F69E8 /* Frameworks */,
				F3A1148F2B139D97008F69E8 /* Resources */,
			);
			buildRules = (
			);
			dependencies = (
			);
			name = currencyConversion;
			productName = currencyConversion;
			productReference = F3A114912B139D97008F69E8 /* currencyConversion.app */;
			productType = "com.apple.product-type.application";
		};
/* End PBXNativeTarget section */

/* Begin PBXProject section */
		F3A114892B139D97008F69E8 /* Project object */ = {
			isa = PBXProject;
			attributes = {
				BuildIndependentTargetsInParallel = 1;
				LastSwiftUpdateCheck = 1500;
				LastUpgradeCheck = 1500;
				TargetAttributes = {
					F3A114902B139D97008F69E8 = {
						CreatedOnToolsVersion = 15.0.1;
					};
				};
			};
			buildConfigurationList = F3A1148C2B139D97008F69E8 /* Build configuration list for PBXProject "currencyConversion" */;
			compatibilityVersion = "Xcode 14.0";
			developmentRegion = en;
			hasScannedForEncodings = 0;
			knownRegions = (
				en,
				Base,
			);
			mainGroup = F3A114882B139D97008F69E8;
			productRefGroup = F3A114922B139D97008F69E8 /* Products */;
			projectDirPath = "";
			projectRoot = "";
			targets = (
				F3A114902B139D97008F69E8 /* currencyConversion */,
			);
		};
/* End PBXProject section */

/* Begin PBXResourcesBuildPhase section */
		F3A1148F2B139D97008F69E8 /* Resources */ = {
			isa = PBXResourcesBuildPhase;
			buildActionMask = 2147483647;
			files = (
				F3A114A12B139D99008F69E8 /* LaunchScreen.storyboard in Resources */,
				F3A1149E2B139D99008F69E8 /* Assets.xcassets in Resources */,
				F3A1149C2B139D97008F69E8 /* Main.storyboard in Resources */,
			);
			runOnlyForDeploymentPostprocessing = 0;
		};
/* End PBXResourcesBuildPhase section */

/* Begin PBXSourcesBuildPhase section */
		F3A1148D2B139D97008F69E8 /* Sources */ = {
			isa = PBXSourcesBuildPhase;
			buildActionMask = 2147483647;
			files = (
				F3A114AD2B13C2D6008F69E8 /* currencyLogic.swift in Sources */,
				F3A114992B139D97008F69E8 /* ViewController.swift in Sources */,
				F3A114B12B13D244008F69E8 /* OutputView.swift in Sources */,
				F3A114952B139D97008F69E8 /* AppDelegate.swift in Sources */,
				F3A114972B139D97008F69E8 /* SceneDelegate.swift in Sources */,
			);
			runOnlyForDeploymentPostprocessing = 0;
		};
/* End PBXSourcesBuildPhase section */

/* Begin PBXVariantGroup section */
		F3A1149A2B139D97008F69E8 /* Main.storyboard */ = {
			isa = PBXVariantGroup;
			children = (
				F3A1149B2B139D97008F69E8 /* Base */,
			);
			name = Main.storyboard;
			sourceTree = "<group>";
		};
		F3A1149F2B139D99008F69E8 /* LaunchScreen.storyboard */ = {
			isa = PBXVariantGroup;
			children = (
				F3A114A02B139D99008F69E8 /* Base */,
			);
			name = LaunchScreen.storyboard;
			sourceTree = "<group>";
		};
/* End PBXVariantGroup section */

/* Begin XCBuildConfiguration section */
		F3A114A32B139D99008F69E8 /* Debug */ = {
			isa = XCBuildConfiguration;
			buildSettings = {
				ALWAYS_SEARCH_USER_PATHS = NO;
				ASSETCATALOG_COMPILER_GENERATE_SWIFT_ASSET_SYMBOL_EXTENSIONS = YES;
				CLANG_ANALYZER_NONNULL = YES;
				CLANG_ANALYZER_NUMBER_OBJECT_CONVERSION = YES_AGGRESSIVE;
				CLANG_CXX_LANGUAGE_STANDARD = "gnu++20";
				CLANG_ENABLE_MODULES = YES;
				CLANG_ENABLE_OBJC_ARC = YES;
				CLANG_ENABLE_OBJC_WEAK = YES;
				CLANG_WARN_BLOCK_CAPTURE_AUTORELEASING = YES;
				CLANG_WARN_BOOL_CONVERSION = YES;
				CLANG_WARN_COMMA = YES;
				CLANG_WARN_CONSTANT_CONVERSION = YES;
				CLANG_WARN_DEPRECATED_OBJC_IMPLEMENTATIONS = YES;
				CLANG_WARN_DIRECT_OBJC_ISA_USAGE = YES_ERROR;
				CLANG_WARN_DOCUMENTATION_COMMENTS = YES;
				CLANG_WARN_EMPTY_BODY = YES;
				CLANG_WARN_ENUM_CONVERSION = YES;
				CLANG_WARN_INFINITE_RECURSION = YES;
				CLANG_WARN_INT_CONVERSION = YES;
				CLANG_WARN_NON_LITERAL_NULL_CONVERSION = YES;
				CLANG_WARN_OBJC_IMPLICIT_RETAIN_SELF = YES;
				CLANG_WARN_OBJC_LITERAL_CONVERSION = YES;
				CLANG_WARN_OBJC_ROOT_CLASS = YES_ERROR;
				CLANG_WARN_QUOTED_INCLUDE_IN_FRAMEWORK_HEADER = YES;
				CLANG_WARN_RANGE_LOOP_ANALYSIS = YES;
				CLANG_WARN_STRICT_PROTOTYPES = YES;
				CLANG_WARN_SUSPICIOUS_MOVE = YES;
				CLANG_WARN_UNGUARDED_AVAILABILITY = YES_AGGRESSIVE;
				CLANG_WARN_UNREACHABLE_CODE = YES;
				CLANG_WARN__DUPLICATE_METHOD_MATCH = YES;
				COPY_PHASE_STRIP = NO;
				DEBUG_INFORMATION_FORMAT = dwarf;
				ENABLE_STRICT_OBJC_MSGSEND = YES;
				ENABLE_TESTABILITY = YES;
				ENABLE_USER_SCRIPT_SANDBOXING = YES;
				GCC_C_LANGUAGE_STANDARD = gnu17;
				GCC_DYNAMIC_NO_PIC = NO;
				GCC_NO_COMMON_BLOCKS = YES;
				GCC_OPTIMIZATION_LEVEL = 0;
				GCC_PREPROCESSOR_DEFINITIONS = (
					"DEBUG=1",
					"$(inherited)",
				);
				GCC_WARN_64_TO_32_BIT_CONVERSION = YES;
				GCC_WARN_ABOUT_RETURN_TYPE = YES_ERROR;
				GCC_WARN_UNDECLARED_SELECTOR = YES;
				GCC_WARN_UNINITIALIZED_AUTOS = YES_AGGRESSIVE;
				GCC_WARN_UNUSED_FUNCTION = YES;
				GCC_WARN_UNUSED_VARIABLE = YES;
				IPHONEOS_DEPLOYMENT_TARGET = 17.0;
				LOCALIZATION_PREFERS_STRING_CATALOGS = YES;
				MTL_ENABLE_DEBUG_INFO = INCLUDE_SOURCE;
				MTL_FAST_MATH = YES;
				ONLY_ACTIVE_ARCH = YES;
				SDKROOT = iphoneos;
				SWIFT_ACTIVE_COMPILATION_CONDITIONS = "DEBUG $(inherited)";
				SWIFT_OPTIMIZATION_LEVEL = "-Onone";
			};
			name = Debug;
		};
		F3A114A42B139D99008F69E8 /* Release */ = {
			isa = XCBuildConfiguration;
			buildSettings = {
				ALWAYS_SEARCH_USER_PATHS = NO;
				ASSETCATALOG_COMPILER_GENERATE_SWIFT_ASSET_SYMBOL_EXTENSIONS = YES;
				CLANG_ANALYZER_NONNULL = YES;
				CLANG_ANALYZER_NUMBER_OBJECT_CONVERSION = YES_AGGRESSIVE;
				CLANG_CXX_LANGUAGE_STANDARD = "gnu++20";
				CLANG_ENABLE_MODULES = YES;
				CLANG_ENABLE_OBJC_ARC = YES;
				CLANG_ENABLE_OBJC_WEAK = YES;
				CLANG_WARN_BLOCK_CAPTURE_AUTORELEASING = YES;
				CLANG_WARN_BOOL_CONVERSION = YES;
				CLANG_WARN_COMMA = YES;
				CLANG_WARN_CONSTANT_CONVERSION = YES;
				CLANG_WARN_DEPRECATED_OBJC_IMPLEMENTATIONS = YES;
				CLANG_WARN_DIRECT_OBJC_ISA_USAGE = YES_ERROR;
				CLANG_WARN_DOCUMENTATION_COMMENTS = YES;
				CLANG_WARN_EMPTY_BODY = YES;
				CLANG_WARN_ENUM_CONVERSION = YES;
				CLANG_WARN_INFINITE_RECURSION = YES;
				CLANG_WARN_INT_CONVERSION = YES;
				CLANG_WARN_NON_LITERAL_NULL_CONVERSION = YES;
				CLANG_WARN_OBJC_IMPLICIT_RETAIN_SELF = YES;
				CLANG_WARN_OBJC_LITERAL_CONVERSION = YES;
				CLANG_WARN_OBJC_ROOT_CLASS = YES_ERROR;
				CLANG_WARN_QUOTED_INCLUDE_IN_FRAMEWORK_HEADER = YES;
				CLANG_WARN_RANGE_LOOP_ANALYSIS = YES;
				CLANG_WARN_STRICT_PROTOTYPES = YES;
				CLANG_WARN_SUSPICIOUS_MOVE = YES;
				CLANG_WARN_UNGUARDED_AVAILABILITY = YES_AGGRESSIVE;
				CLANG_WARN_UNREACHABLE_CODE = YES;
				CLANG_WARN__DUPLICATE_METHOD_MATCH = YES;
				COPY_PHASE_STRIP = NO;
				DEBUG_INFORMATION_FORMAT = "dwarf-with-dsym";
				ENABLE_NS_ASSERTIONS = NO;
				ENABLE_STRICT_OBJC_MSGSEND = YES;
				ENABLE_USER_SCRIPT_SANDBOXING = YES;
				GCC_C_LANGUAGE_STANDARD = gnu17;
				GCC_NO_COMMON_BLOCKS = YES;
				GCC_WARN_64_TO_32_BIT_CONVERSION = YES;
				GCC_WARN_ABOUT_RETURN_TYPE = YES_ERROR;
				GCC_WARN_UNDECLARED_SELECTOR = YES;
				GCC_WARN_UNINITIALIZED_AUTOS = YES_AGGRESSIVE;
				GCC_WARN_UNUSED_FUNCTION = YES;
				GCC_WARN_UNUSED_VARIABLE = YES;
				IPHONEOS_DEPLOYMENT_TARGET = 17.0;
				LOCALIZATION_PREFERS_STRING_CATALOGS = YES;
				MTL_ENABLE_DEBUG_INFO = NO;
				MTL_FAST_MATH = YES;
				SDKROOT = iphoneos;
				SWIFT_COMPILATION_MODE = wholemodule;
				VALIDATE_PRODUCT = YES;
			};
			name = Release;
		};
		F3A114A62B139D99008F69E8 /* Debug */ = {
			isa = XCBuildConfiguration;
			buildSettings = {
				ASSETCATALOG_COMPILER_APPICON_NAME = AppIcon;
				ASSETCATALOG_COMPILER_GLOBAL_ACCENT_COLOR_NAME = AccentColor;
				CODE_SIGN_STYLE = Automatic;
				CURRENT_PROJECT_VERSION = 1;
				DEVELOPMENT_TEAM = WANLWDXG24;
				GENERATE_INFOPLIST_FILE = YES;
				INFOPLIST_FILE = currencyConversion/Info.plist;
				INFOPLIST_KEY_UIApplicationSupportsIndirectInputEvents = YES;
				INFOPLIST_KEY_UILaunchStoryboardName = LaunchScreen;
				INFOPLIST_KEY_UIMainStoryboardFile = Main;
				INFOPLIST_KEY_UISupportedInterfaceOrientations_iPad = "UIInterfaceOrientationPortrait UIInterfaceOrientationPortraitUpsideDown UIInterfaceOrientationLandscapeLeft UIInterfaceOrientationLandscapeRight";
				INFOPLIST_KEY_UISupportedInterfaceOrientations_iPhone = "UIInterfaceOrientationPortrait UIInterfaceOrientationLandscapeLeft UIInterfaceOrientationLandscapeRight";
				IPHONEOS_DEPLOYMENT_TARGET = 16.3;
				LD_RUNPATH_SEARCH_PATHS = (
					"$(inherited)",
					"@executable_path/Frameworks",
				);
				MARKETING_VERSION = 1.0;
				PRODUCT_BUNDLE_IDENTIFIER = com.TyannaM.currencyConversion;
				PRODUCT_NAME = "$(TARGET_NAME)";
				SWIFT_EMIT_LOC_STRINGS = YES;
				SWIFT_VERSION = 5.0;
				TARGETED_DEVICE_FAMILY = "1,2";
			};
			name = Debug;
		};
		F3A114A72B139D99008F69E8 /* Release */ = {
			isa = XCBuildConfiguration;
			buildSettings = {
				ASSETCATALOG_COMPILER_APPICON_NAME = AppIcon;
				ASSETCATALOG_COMPILER_GLOBAL_ACCENT_COLOR_NAME = AccentColor;
				CODE_SIGN_STYLE = Automatic;
				CURRENT_PROJECT_VERSION = 1;
				DEVELOPMENT_TEAM = WANLWDXG24;
				GENERATE_INFOPLIST_FILE = YES;
				INFOPLIST_FILE = currencyConversion/Info.plist;
				INFOPLIST_KEY_UIApplicationSupportsIndirectInputEvents = YES;
				INFOPLIST_KEY_UILaunchStoryboardName = LaunchScreen;
				INFOPLIST_KEY_UIMainStoryboardFile = Main;
				INFOPLIST_KEY_UISupportedInterfaceOrientations_iPad = "UIInterfaceOrientationPortrait UIInterfaceOrientationPortraitUpsideDown UIInterfaceOrientationLandscapeLeft UIInterfaceOrientationLandscapeRight";
				INFOPLIST_KEY_UISupportedInterfaceOrientations_iPhone = "UIInterfaceOrientationPortrait UIInterfaceOrientationLandscapeLeft UIInterfaceOrientationLandscapeRight";
				IPHONEOS_DEPLOYMENT_TARGET = 16.3;
				LD_RUNPATH_SEARCH_PATHS = (
					"$(inherited)",
					"@executable_path/Frameworks",
				);
				MARKETING_VERSION = 1.0;
				PRODUCT_BUNDLE_IDENTIFIER = com.TyannaM.currencyConversion;
				PRODUCT_NAME = "$(TARGET_NAME)";
				SWIFT_EMIT_LOC_STRINGS = YES;
				SWIFT_VERSION = 5.0;
				TARGETED_DEVICE_FAMILY = "1,2";
			};
			name = Release;
		};
/* End XCBuildConfiguration section */

/* Begin XCConfigurationList section */
		F3A1148C2B139D97008F69E8 /* Build configuration list for PBXProject "currencyConversion" */ = {
			isa = XCConfigurationList;
			buildConfigurations = (
				F3A114A32B139D99008F69E8 /* Debug */,
				F3A114A42B139D99008F69E8 /* Release */,
			);
			defaultConfigurationIsVisible = 0;
			defaultConfigurationName = Release;
		};
		F3A114A52B139D99008F69E8 /* Build configuration list for PBXNativeTarget "currencyConversion" */ = {
			isa = XCConfigurationList;
			buildConfigurations = (
				F3A114A62B139D99008F69E8 /* Debug */,
				F3A114A72B139D99008F69E8 /* Release */,
			);
			defaultConfigurationIsVisible = 0;
			defaultConfigurationName = Release;
		};
/* End XCConfigurationList section */
	};
	rootObject = F3A114892B139D97008F69E8 /* Project object */;
}
